<Solution>
  <Folder Name="/BuildingBlocks/">
    <Project Path="BuidingBlocks/BuidingBlocks/BuidingBlocks.csproj" Id="9b938c07-fd0d-4b66-a39f-d56103f391c7" />
  </Folder>
  <Folder Name="/Services/" />
  <Folder Name="/Services/Basket/">
    <Project Path="Services/Basket/Basket.Api/Basket.Api.csproj" Id="80c48b96-6feb-45f6-aec0-23651cb72a70" />
  </Folder>
  <Folder Name="/Services/Catalog/">
    <Project Path="Services/Catalog/Catalog.Api/Catalog.Api.csproj" />
  </Folder>
  <Folder Name="/Services/Discount/">
    <Project Path="Services/Discount/Discount.Grpc/Discount.Grpc.csproj" Id="0a2c8806-a292-42cc-86fc-e9216db48ec3" />
  </Folder>
  <Project Path="docker-compose.dcproj">
    <Build />
  </Project>
</Solution>
