<Solution>
  <Folder Name="/ApiGateways/">
    <Project Path="ApiGateways/YarpApigateway/YarpApiGateway.csproj" Id="03a1e265-8f31-44a5-a73a-8c539a4b21a8" />
  </Folder>
  <Folder Name="/BuildingBlocks/">
    <Project Path="BuidingBlocks/BuildingBlocks.Messaging/BuildingBlocks.Messaging.csproj" Id="9f889064-3a0f-4b26-8ee4-e3c4793dce8e" />
    <Project Path="E:/safder_ghauri/Microservices(MehmatOzkava)/EShopMicroservices/eshop-microservices/BuidingBlocks/BuidingBlocks/BuidingBlocks.csproj" Id="9b938c07-fd0d-4b66-a39f-d56103f391c7" />
  </Folder>
  <Folder Name="/Services/" />
  <Folder Name="/Services/Basket/">
    <Project Path="E:/safder_ghauri/Microservices(MehmatOzkava)/EShopMicroservices/eshop-microservices/Services/Basket/Basket.Api/Basket.Api.csproj" Id="80c48b96-6feb-45f6-aec0-23651cb72a70" />
  </Folder>
  <Folder Name="/Services/Catalog/">
    <Project Path="E:/safder_ghauri/Microservices(MehmatOzkava)/EShopMicroservices/eshop-microservices/Services/Catalog/Catalog.Api/Catalog.Api.csproj" />
  </Folder>
  <Folder Name="/Services/Discount/">
    <Project Path="E:/safder_ghauri/Microservices(MehmatOzkava)/EShopMicroservices/eshop-microservices/Services/Discount/Discount.Grpc/Discount.Grpc.csproj" Id="0a2c8806-a292-42cc-86fc-e9216db48ec3" />
  </Folder>
  <Folder Name="/Services/Ordering/">
    <Project Path="E:/safder_ghauri/Microservices(MehmatOzkava)/EShopMicroservices/eshop-microservices/Services/Ordering/Ordering.Api/Ordering.Api.csproj" Id="efa80a95-5e52-417a-8031-f0984d812144" />
    <Project Path="E:/safder_ghauri/Microservices(MehmatOzkava)/EShopMicroservices/eshop-microservices/Services/Ordering/Ordering.Application/Ordering.Application.csproj" Id="62cad3d4-c935-47d0-960a-117b0f43e147" />
    <Project Path="E:/safder_ghauri/Microservices(MehmatOzkava)/EShopMicroservices/eshop-microservices/Services/Ordering/Ordering.Domain/Ordering.Domain.csproj" Id="8e5894fe-da0d-4b02-af92-1b5d963eaaec" />
    <Project Path="E:/safder_ghauri/Microservices(MehmatOzkava)/EShopMicroservices/eshop-microservices/Services/Ordering/Ordering.Infrastructure/Ordering.Infrastructure.csproj" />
  </Folder>
  <Folder Name="/WebApps/">
    <Project Path="WebApps/Shopping.Web/Shopping.Web.csproj" Id="775cc5d5-9885-464b-bb95-0c85b0846b9a" />
  </Folder>
  <Project Path="E:/safder_ghauri/Microservices(MehmatOzkava)/EShopMicroservices/eshop-microservices/docker-compose.dcproj">
    <Build />
  </Project>
</Solution>
